{
  "name": "package.json",
  "version": "1.0.0",
  "lockfileVersion": 3,
  "requires": true,
  "packages": {
    "": {
      "name": "package.json",
      "version": "1.0.0",
      "license": "ISC",
      "dependencies": {
        "dotenv": "^16.4.4"
      },
      "devDependencies": {
        "cypress-xpath": "^2.0.1"
      }
    },
    "node_modules/cypress-xpath": {
      "version": "2.0.1",
      "resolved": "https://registry.npmjs.org/cypress-xpath/-/cypress-xpath-2.0.1.tgz",
      "integrity": "sha512-qMagjvinBppNJdMAkucWESP9aP4rDTs7c96m0vwMuZTVx3NqP2E3z/hkoRf8Ea9soL8yTvUuuyF1cg/Sb1Yhbg==",
      "deprecated": "Package no longer supported. Contact Support at https://www.npmjs.com/support for more info.",
      "dev": true
    },
    "node_modules/dotenv": {
      "version": "16.4.4",
      "resolved": "https://registry.npmjs.org/dotenv/-/dotenv-16.4.4.tgz",
      "integrity": "sha512-XvPXc8XAQThSjAbY6cQ/9PcBXmFoWuw1sQ3b8HqUCR6ziGXjkTi//kB9SWa2UwqlgdAIuRqAa/9hVljzPehbYg==",
      "engines": {
        "node": ">=12"
      },
      "funding": {
        "url": "https://dotenvx.com"
      }
    }
  }
}
